<?xml version="1.0" encoding="utf-8"?>
<Project ToolsVersion="4.0" xmlns="http://schemas.microsoft.com/developer/msbuild/2003">
  <ItemGroup>
    <Filter Include="win32">
      <UniqueIdentifier>{84a8ebd7-7cf0-47f6-b75e-d441df67da40}</UniqueIdentifier>
    </Filter>
    <Filter Include="resource">
      <UniqueIdentifier>{715254bc-d70b-4ec5-bf29-467dd3ace079}</UniqueIdentifier>
    </Filter>
    <Filter Include="src">
      <UniqueIdentifier>{bb6c862e-70e9-49d9-81b7-3829a6f50471}</UniqueIdentifier>
    </Filter>
    <Filter Include="Controller">
      <UniqueIdentifier>{cbf27687-a65d-4f4f-8323-8ea5110bc490}</UniqueIdentifier>
    </Filter>
    <Filter Include="View">
      <UniqueIdentifier>{96bae0ba-b993-4602-b6ea-9401c9681dfd}</UniqueIdentifier>
    </Filter>
    <Filter Include="View\Layer">
      <UniqueIdentifier>{19c5025e-5ffd-4607-aa67-4193d848370c}</UniqueIdentifier>
    </Filter>
    <Filter Include="View\Sprite">
      <UniqueIdentifier>{abeb23a9-7b0d-4d97-a77b-d73ae6bd6875}</UniqueIdentifier>
    </Filter>
    <Filter Include="View\Scene">
      <UniqueIdentifier>{c6ac9f29-ed1e-44f4-8dbd-79e74f6a77aa}</UniqueIdentifier>
    </Filter>
    <Filter Include="Common">
      <UniqueIdentifier>{75996d4a-d43d-4cf3-a517-4f3709c265b9}</UniqueIdentifier>
    </Filter>
    <Filter Include="Utiles">
      <UniqueIdentifier>{0c1b02ef-5fd4-4af9-9ae3-ce85338cd13a}</UniqueIdentifier>
    </Filter>
  </ItemGroup>
  <ItemGroup>
    <ClCompile Include="main.cpp">
      <Filter>win32</Filter>
    </ClCompile>
    <ClCompile Include="..\Classes\AppDelegate.cpp" />
    <ClCompile Include="..\Classes\HelloWorldScene.cpp" />
    <ClCompile Include="..\Classes\Controller\GameController.cpp">
      <Filter>Controller</Filter>
    </ClCompile>
    <ClCompile Include="..\Classes\View\Layer\MovesLayer.cpp">
      <Filter>View\Layer</Filter>
    </ClCompile>
    <ClCompile Include="..\Classes\View\Layer\PlayLayer.cpp">
      <Filter>View\Layer</Filter>
    </ClCompile>
    <ClCompile Include="..\Classes\View\Layer\ScoreLayer.cpp">
      <Filter>View\Layer</Filter>
    </ClCompile>
    <ClCompile Include="..\Classes\View\Layer\TargetLayer.cpp">
      <Filter>View\Layer</Filter>
    </ClCompile>
    <ClCompile Include="..\Classes\View\Sprite\SushiSprite.cpp">
      <Filter>View\Sprite</Filter>
    </ClCompile>
    <ClCompile Include="..\Classes\View\Scene\PlayScene.cpp">
      <Filter>View\Scene</Filter>
    </ClCompile>
    <ClCompile Include="..\Classes\View\Scene\StartScene.cpp">
      <Filter>View\Scene</Filter>
    </ClCompile>
    <ClCompile Include="..\Classes\View\Layer\StartLayer.cpp">
      <Filter>View\Layer</Filter>
    </ClCompile>
    <ClCompile Include="..\Classes\View\Layer\PostPlayLayer.cpp">
      <Filter>View\Layer</Filter>
    </ClCompile>
    <ClCompile Include="..\Classes\View\Layer\PrePlayLayer.cpp">
      <Filter>View\Layer</Filter>
    </ClCompile>
    <ClCompile Include="..\Classes\View\Layer\TargetTipsLayer.cpp">
      <Filter>View\Layer</Filter>
    </ClCompile>
    <ClCompile Include="..\Classes\View\Sprite\GridSprite.cpp">
      <Filter>View\Sprite</Filter>
    </ClCompile>
    <ClCompile Include="..\Classes\Common\ConfigService.cpp">
      <Filter>Common</Filter>
    </ClCompile>
    <ClCompile Include="..\Classes\Common\TiledMapParser.cpp">
      <Filter>Common</Filter>
    </ClCompile>
    <ClCompile Include="..\Classes\Common\GameDB.cpp">
      <Filter>Common</Filter>
    </ClCompile>
    <ClCompile Include="..\Classes\Common\DataBase.cpp">
      <Filter>Common</Filter>
    </ClCompile>
    <ClCompile Include="..\Classes\Common\ModelService.cpp">
      <Filter>Common</Filter>
    </ClCompile>
    <ClCompile Include="..\Classes\Common\Utils.cpp">
      <Filter>Common</Filter>
    </ClCompile>
    <ClCompile Include="..\Classes\Utiles\shell.c">
      <Filter>Utiles</Filter>
    </ClCompile>
    <ClCompile Include="..\Classes\Utiles\sqlite3.c">
      <Filter>Utiles</Filter>
    </ClCompile>
    <ClCompile Include="..\Classes\View\Layer\SelectRoundLayer.cpp">
      <Filter>View\Layer</Filter>
    </ClCompile>
    <ClCompile Include="..\Classes\View\Scene\SelectRoundScene.cpp">
      <Filter>View\Scene</Filter>
    </ClCompile>
  </ItemGroup>
  <ItemGroup>
    <ClInclude Include="main.h">
      <Filter>win32</Filter>
    </ClInclude>
    <ClInclude Include="..\Classes\AppDelegate.h" />
    <ClInclude Include="..\Classes\HelloWorldScene.h" />
    <ClInclude Include="..\Classes\Controller\GameController.h">
      <Filter>Controller</Filter>
    </ClInclude>
    <ClInclude Include="..\Classes\View\Layer\MovesLayer.h">
      <Filter>View\Layer</Filter>
    </ClInclude>
    <ClInclude Include="..\Classes\View\Layer\PlayLayer.h">
      <Filter>View\Layer</Filter>
    </ClInclude>
    <ClInclude Include="..\Classes\View\Layer\ScoreLayer.h">
      <Filter>View\Layer</Filter>
    </ClInclude>
    <ClInclude Include="..\Classes\View\Layer\TargetLayer.h">
      <Filter>View\Layer</Filter>
    </ClInclude>
    <ClInclude Include="..\Classes\View\Sprite\SushiSprite.h">
      <Filter>View\Sprite</Filter>
    </ClInclude>
    <ClInclude Include="..\Classes\View\Scene\PlayScene.h">
      <Filter>View\Scene</Filter>
    </ClInclude>
    <ClInclude Include="..\Classes\View\Scene\StartScene.h">
      <Filter>View\Scene</Filter>
    </ClInclude>
    <ClInclude Include="..\Classes\View\Layer\StartLayer.h">
      <Filter>View\Layer</Filter>
    </ClInclude>
    <ClInclude Include="..\Classes\View\Layer\PostPlayLayer.h">
      <Filter>View\Layer</Filter>
    </ClInclude>
    <ClInclude Include="..\Classes\View\Layer\PrePlayLayer.h">
      <Filter>View\Layer</Filter>
    </ClInclude>
    <ClInclude Include="..\Classes\View\Layer\TargetTipsLayer.h">
      <Filter>View\Layer</Filter>
    </ClInclude>
    <ClInclude Include="..\Classes\Common\Messages.h">
      <Filter>Common</Filter>
    </ClInclude>
    <ClInclude Include="..\Classes\Common\Resource.h">
      <Filter>Common</Filter>
    </ClInclude>
    <ClInclude Include="..\Classes\Common\TextMessage.h">
      <Filter>Common</Filter>
    </ClInclude>
    <ClInclude Include="..\Classes\Common\Types.h">
      <Filter>Common</Filter>
    </ClInclude>
    <ClInclude Include="..\Classes\View\Sprite\GridSprite.h">
      <Filter>View\Sprite</Filter>
    </ClInclude>
    <ClInclude Include="..\Classes\Common\ConfigService.h">
      <Filter>Common</Filter>
    </ClInclude>
    <ClInclude Include="..\Classes\Common\TiledMapParser.h">
      <Filter>Common</Filter>
    </ClInclude>
    <ClInclude Include="..\Classes\Common\GameDB.h">
      <Filter>Common</Filter>
    </ClInclude>
    <ClInclude Include="..\Classes\Common\DataBase.h">
      <Filter>Common</Filter>
    </ClInclude>
    <ClInclude Include="..\Classes\Common\ModelService.h">
      <Filter>Common</Filter>
    </ClInclude>
    <ClInclude Include="..\Classes\Common\Utils.h">
      <Filter>Common</Filter>
    </ClInclude>
    <ClInclude Include="..\Classes\Utiles\sqlite3.h">
      <Filter>Utiles</Filter>
    </ClInclude>
    <ClInclude Include="..\Classes\Utiles\sqlite3ext.h">
      <Filter>Utiles</Filter>
    </ClInclude>
    <ClInclude Include="..\Classes\View\Layer\SelectRoundLayer.h">
      <Filter>View\Layer</Filter>
    </ClInclude>
    <ClInclude Include="..\Classes\View\Scene\SelectRoundScene.h">
      <Filter>View\Scene</Filter>
    </ClInclude>
  </ItemGroup>
  <ItemGroup>
    <ResourceCompile Include="game.rc">
      <Filter>resource</Filter>
    </ResourceCompile>
  </ItemGroup>
</Project>